// !$*UTF8*$!
{
	archiveVersion = 1;
	classes = {
	};
	objectVersion = 50;
	objects = {

/* Begin PBXBuildFile section */
		138240FE2878356900871A9A /* ExportView.swift in Sources */ = {isa = PBXBuildFile; fileRef = 138240FD2878356900871A9A /* ExportView.swift */; };
		138ED1C12877246C00AB9347 /* Exporter.swift in Sources */ = {isa = PBXBuildFile; fileRef = 138ED1C02877246C00AB9347 /* Exporter.swift */; };
		13CF17EC287CEC8A00FDB44D /* Movable.swift in Sources */ = {isa = PBXBuildFile; fileRef = 13CF17EB287CEC8A00FDB44D /* Movable.swift */; };
		13E0CA712881902D00838931 /* BodySegmentation.swift in Sources */ = {isa = PBXBuildFile; fileRef = 13E0CA702881902D00838931 /* BodySegmentation.swift */; };
		13ED9DAA2876D335008CE82B /* Importer.swift in Sources */ = {isa = PBXBuildFile; fileRef = 13ED9DA92876D335008CE82B /* Importer.swift */; };
		13ED9DAC2876E786008CE82B /* Layer.swift in Sources */ = {isa = PBXBuildFile; fileRef = 13ED9DAB2876E786008CE82B /* Layer.swift */; };
		13F812FA28822D690039AD28 /* LayerView.swift in Sources */ = {isa = PBXBuildFile; fileRef = 13F812F928822D690039AD28 /* LayerView.swift */; };
		970193992559A7DB0009FB68 /* Samples.swift in Sources */ = {isa = PBXBuildFile; fileRef = 970193982559A7DB0009FB68 /* Samples.swift */; };
		976D72B1255DE3D700C44889 /* PreviewScreen.swift in Sources */ = {isa = PBXBuildFile; fileRef = 976D72B0255DE3D700C44889 /* PreviewScreen.swift */; };
		97774A78255642C7006985F0 /* Nia_EditorApp.swift in Sources */ = {isa = PBXBuildFile; fileRef = 97774A77255642C7006985F0 /* Nia_EditorApp.swift */; };
		97774A7C255642CB006985F0 /* Assets.xcassets in Resources */ = {isa = PBXBuildFile; fileRef = 97774A7B255642CB006985F0 /* Assets.xcassets */; };
		97774A7F255642CB006985F0 /* Preview Assets.xcassets in Resources */ = {isa = PBXBuildFile; fileRef = 97774A7E255642CB006985F0 /* Preview Assets.xcassets */; };
		97774A8825564330006985F0 /* Editor.swift in Sources */ = {isa = PBXBuildFile; fileRef = 97774A8725564330006985F0 /* Editor.swift */; };
		977E8C822559AC4E00A94B58 /* FloatPanel.swift in Sources */ = {isa = PBXBuildFile; fileRef = 977E8C812559AC4E00A94B58 /* FloatPanel.swift */; };
		977E8C862559AE9C00A94B58 /* AssetView.swift in Sources */ = {isa = PBXBuildFile; fileRef = 977E8C852559AE9C00A94B58 /* AssetView.swift */; };
		97C86927255F295E00D9C1F3 /* Extensions.swift in Sources */ = {isa = PBXBuildFile; fileRef = 97C86926255F295E00D9C1F3 /* Extensions.swift */; };
		97C8692A255F2A4A00D9C1F3 /* PreviewView.swift in Sources */ = {isa = PBXBuildFile; fileRef = 97C86929255F2A4A00D9C1F3 /* PreviewView.swift */; };
		97C8692D255F36A100D9C1F3 /* Asset.swift in Sources */ = {isa = PBXBuildFile; fileRef = 97C8692C255F36A100D9C1F3 /* Asset.swift */; };
		ED96369726583C300073CB1B /* FaceRecognition.swift in Sources */ = {isa = PBXBuildFile; fileRef = ED96369626583C300073CB1B /* FaceRecognition.swift */; };
/* End PBXBuildFile section */

/* Begin PBXFileReference section */
		138240FD2878356900871A9A /* ExportView.swift */ = {isa = PBXFileReference; lastKnownFileType = sourcecode.swift; path = ExportView.swift; sourceTree = "<group>"; };
		138ED1C02877246C00AB9347 /* Exporter.swift */ = {isa = PBXFileReference; lastKnownFileType = sourcecode.swift; path = Exporter.swift; sourceTree = "<group>"; };
		13CF17EB287CEC8A00FDB44D /* Movable.swift */ = {isa = PBXFileReference; lastKnownFileType = sourcecode.swift; path = Movable.swift; sourceTree = "<group>"; };
		13E0CA702881902D00838931 /* BodySegmentation.swift */ = {isa = PBXFileReference; lastKnownFileType = sourcecode.swift; path = BodySegmentation.swift; sourceTree = "<group>"; };
		13ED9DA92876D335008CE82B /* Importer.swift */ = {isa = PBXFileReference; lastKnownFileType = sourcecode.swift; path = Importer.swift; sourceTree = "<group>"; };
		13ED9DAB2876E786008CE82B /* Layer.swift */ = {isa = PBXFileReference; lastKnownFileType = sourcecode.swift; path = Layer.swift; sourceTree = "<group>"; };
		13F812F928822D690039AD28 /* LayerView.swift */ = {isa = PBXFileReference; lastKnownFileType = sourcecode.swift; path = LayerView.swift; sourceTree = "<group>"; };
		970193982559A7DB0009FB68 /* Samples.swift */ = {isa = PBXFileReference; lastKnownFileType = sourcecode.swift; path = Samples.swift; sourceTree = "<group>"; };
		976D72B0255DE3D700C44889 /* PreviewScreen.swift */ = {isa = PBXFileReference; lastKnownFileType = sourcecode.swift; path = PreviewScreen.swift; sourceTree = "<group>"; };
		97774A74255642C7006985F0 /* Nia Editor.app */ = {isa = PBXFileReference; explicitFileType = wrapper.application; includeInIndex = 0; path = "Nia Editor.app"; sourceTree = BUILT_PRODUCTS_DIR; };
		97774A77255642C7006985F0 /* Nia_EditorApp.swift */ = {isa = PBXFileReference; lastKnownFileType = sourcecode.swift; path = Nia_EditorApp.swift; sourceTree = "<group>"; };
		97774A7B255642CB006985F0 /* Assets.xcassets */ = {isa = PBXFileReference; lastKnownFileType = folder.assetcatalog; path = Assets.xcassets; sourceTree = "<group>"; };
		97774A7E255642CB006985F0 /* Preview Assets.xcassets */ = {isa = PBXFileReference; lastKnownFileType = folder.assetcatalog; path = "Preview Assets.xcassets"; sourceTree = "<group>"; };
		97774A80255642CB006985F0 /* Info.plist */ = {isa = PBXFileReference; lastKnownFileType = text.plist.xml; path = Info.plist; sourceTree = "<group>"; };
		97774A8725564330006985F0 /* Editor.swift */ = {isa = PBXFileReference; lastKnownFileType = sourcecode.swift; path = Editor.swift; sourceTree = "<group>"; };
		977E8C812559AC4E00A94B58 /* FloatPanel.swift */ = {isa = PBXFileReference; lastKnownFileType = sourcecode.swift; path = FloatPanel.swift; sourceTree = "<group>"; };
		977E8C852559AE9C00A94B58 /* AssetView.swift */ = {isa = PBXFileReference; lastKnownFileType = sourcecode.swift; path = AssetView.swift; sourceTree = "<group>"; };
		97C86926255F295E00D9C1F3 /* Extensions.swift */ = {isa = PBXFileReference; lastKnownFileType = sourcecode.swift; path = Extensions.swift; sourceTree = "<group>"; };
		97C86929255F2A4A00D9C1F3 /* PreviewView.swift */ = {isa = PBXFileReference; lastKnownFileType = sourcecode.swift; path = PreviewView.swift; sourceTree = "<group>"; };
		97C8692C255F36A100D9C1F3 /* Asset.swift */ = {isa = PBXFileReference; lastKnownFileType = sourcecode.swift; path = Asset.swift; sourceTree = "<group>"; };
		ED96369626583C300073CB1B /* FaceRecognition.swift */ = {isa = PBXFileReference; lastKnownFileType = sourcecode.swift; path = FaceRecognition.swift; sourceTree = "<group>"; };
/* End PBXFileReference section */

/* Begin PBXFrameworksBuildPhase section */
		97774A71255642C7006985F0 /* Frameworks */ = {
			isa = PBXFrameworksBuildPhase;
			buildActionMask = 2147483647;
			files = (
			);
			runOnlyForDeploymentPostprocessing = 0;
		};
/* End PBXFrameworksBuildPhase section */

/* Begin PBXGroup section */
		13E0CA6F28818D6100838931 /* ML */ = {
			isa = PBXGroup;
			children = (
				ED96369626583C300073CB1B /* FaceRecognition.swift */,
				13E0CA702881902D00838931 /* BodySegmentation.swift */,
			);
			path = ML;
			sourceTree = "<group>";
		};
		970193962559A7A80009FB68 /* Views */ = {
			isa = PBXGroup;
			children = (
				977E8C852559AE9C00A94B58 /* AssetView.swift */,
				13F812F928822D690039AD28 /* LayerView.swift */,
				977E8C812559AC4E00A94B58 /* FloatPanel.swift */,
				97C86929255F2A4A00D9C1F3 /* PreviewView.swift */,
				13CF17EB287CEC8A00FDB44D /* Movable.swift */,
			);
			path = Views;
			sourceTree = "<group>";
		};
		970193972559A7C60009FB68 /* Helpers */ = {
			isa = PBXGroup;
			children = (
				13E0CA6F28818D6100838931 /* ML */,
				970193982559A7DB0009FB68 /* Samples.swift */,
				97C86926255F295E00D9C1F3 /* Extensions.swift */,
				13ED9DA92876D335008CE82B /* Importer.swift */,
				138ED1C02877246C00AB9347 /* Exporter.swift */,
			);
			path = Helpers;
			sourceTree = "<group>";
		};
		97774A6B255642C7006985F0 = {
			isa = PBXGroup;
			children = (
				97774A76255642C7006985F0 /* Nia Editor */,
				97774A75255642C7006985F0 /* Products */,
			);
			sourceTree = "<group>";
		};
		97774A75255642C7006985F0 /* Products */ = {
			isa = PBXGroup;
			children = (
				97774A74255642C7006985F0 /* Nia Editor.app */,
			);
			name = Products;
			sourceTree = "<group>";
		};
		97774A76255642C7006985F0 /* Nia Editor */ = {
			isa = PBXGroup;
			children = (
				97C86930255F36E100D9C1F3 /* Editor */,
				9790741E255F23DD00377A0A /* Screens */,
				970193962559A7A80009FB68 /* Views */,
				970193972559A7C60009FB68 /* Helpers */,
				97774A77255642C7006985F0 /* Nia_EditorApp.swift */,
				97774A7B255642CB006985F0 /* Assets.xcassets */,
				97774A80255642CB006985F0 /* Info.plist */,
				97774A7D255642CB006985F0 /* Preview Content */,
			);
			path = "Nia Editor";
			sourceTree = "<group>";
		};
		97774A7D255642CB006985F0 /* Preview Content */ = {
			isa = PBXGroup;
			children = (
				97774A7E255642CB006985F0 /* Preview Assets.xcassets */,
			);
			path = "Preview Content";
			sourceTree = "<group>";
		};
		9790741E255F23DD00377A0A /* Screens */ = {
			isa = PBXGroup;
			children = (
				976D72B0255DE3D700C44889 /* PreviewScreen.swift */,
				138240FD2878356900871A9A /* ExportView.swift */,
			);
			path = Screens;
			sourceTree = "<group>";
		};
		97C86930255F36E100D9C1F3 /* Editor */ = {
			isa = PBXGroup;
			children = (
				97774A8725564330006985F0 /* Editor.swift */,
				97C8692C255F36A100D9C1F3 /* Asset.swift */,
				13ED9DAB2876E786008CE82B /* Layer.swift */,
			);
			path = Editor;
			sourceTree = "<group>";
		};
/* End PBXGroup section */

/* Begin PBXNativeTarget section */
		97774A73255642C7006985F0 /* Nia Editor */ = {
			isa = PBXNativeTarget;
			buildConfigurationList = 97774A83255642CB006985F0 /* Build configuration list for PBXNativeTarget "Nia Editor" */;
			buildPhases = (
				97774A70255642C7006985F0 /* Sources */,
				97774A71255642C7006985F0 /* Frameworks */,
				97774A72255642C7006985F0 /* Resources */,
			);
			buildRules = (
			);
			dependencies = (
			);
			name = "Nia Editor";
			productName = "Nia Editor";
			productReference = 97774A74255642C7006985F0 /* Nia Editor.app */;
			productType = "com.apple.product-type.application";
		};
/* End PBXNativeTarget section */

/* Begin PBXProject section */
		97774A6C255642C7006985F0 /* Project object */ = {
			isa = PBXProject;
			attributes = {
				LastSwiftUpdateCheck = 1210;
				LastUpgradeCheck = 1210;
				TargetAttributes = {
					97774A73255642C7006985F0 = {
						CreatedOnToolsVersion = 12.1;
					};
				};
			};
			buildConfigurationList = 97774A6F255642C7006985F0 /* Build configuration list for PBXProject "Nia Editor" */;
			compatibilityVersion = "Xcode 9.3";
			developmentRegion = en;
			hasScannedForEncodings = 0;
			knownRegions = (
				en,
				Base,
			);
			mainGroup = 97774A6B255642C7006985F0;
			productRefGroup = 97774A75255642C7006985F0 /* Products */;
			projectDirPath = "";
			projectRoot = "";
			targets = (
				97774A73255642C7006985F0 /* Nia Editor */,
			);
		};
/* End PBXProject section */

/* Begin PBXResourcesBuildPhase section */
		97774A72255642C7006985F0 /* Resources */ = {
			isa = PBXResourcesBuildPhase;
			buildActionMask = 2147483647;
			files = (
				97774A7F255642CB006985F0 /* Preview Assets.xcassets in Resources */,
				97774A7C255642CB006985F0 /* Assets.xcassets in Resources */,
			);
			runOnlyForDeploymentPostprocessing = 0;
		};
/* End PBXResourcesBuildPhase section */

/* Begin PBXSourcesBuildPhase section */
		97774A70255642C7006985F0 /* Sources */ = {
			isa = PBXSourcesBuildPhase;
			buildActionMask = 2147483647;
			files = (
				ED96369726583C300073CB1B /* FaceRecognition.swift in Sources */,
				138ED1C12877246C00AB9347 /* Exporter.swift in Sources */,
				976D72B1255DE3D700C44889 /* PreviewScreen.swift in Sources */,
				977E8C862559AE9C00A94B58 /* AssetView.swift in Sources */,
				13F812FA28822D690039AD28 /* LayerView.swift in Sources */,
				13ED9DAC2876E786008CE82B /* Layer.swift in Sources */,
				977E8C822559AC4E00A94B58 /* FloatPanel.swift in Sources */,
				138240FE2878356900871A9A /* ExportView.swift in Sources */,
				13CF17EC287CEC8A00FDB44D /* Movable.swift in Sources */,
				97C8692A255F2A4A00D9C1F3 /* PreviewView.swift in Sources */,
				97C8692D255F36A100D9C1F3 /* Asset.swift in Sources */,
				970193992559A7DB0009FB68 /* Samples.swift in Sources */,
				97774A8825564330006985F0 /* Editor.swift in Sources */,
				13ED9DAA2876D335008CE82B /* Importer.swift in Sources */,
				13E0CA712881902D00838931 /* BodySegmentation.swift in Sources */,
				97C86927255F295E00D9C1F3 /* Extensions.swift in Sources */,
				97774A78255642C7006985F0 /* Nia_EditorApp.swift in Sources */,
			);
			runOnlyForDeploymentPostprocessing = 0;
		};
/* End PBXSourcesBuildPhase section */

/* Begin XCBuildConfiguration section */
		97774A81255642CB006985F0 /* Debug */ = {
			isa = XCBuildConfiguration;
			buildSettings = {
				ALWAYS_SEARCH_USER_PATHS = NO;
				CLANG_ANALYZER_NONNULL = YES;
				CLANG_ANALYZER_NUMBER_OBJECT_CONVERSION = YES_AGGRESSIVE;
				CLANG_CXX_LANGUAGE_STANDARD = "gnu++14";
				CLANG_CXX_LIBRARY = "libc++";
				CLANG_ENABLE_MODULES = YES;
				CLANG_ENABLE_OBJC_ARC = YES;
				CLANG_ENABLE_OBJC_WEAK = YES;
				CLANG_WARN_BLOCK_CAPTURE_AUTORELEASING = YES;
				CLANG_WARN_BOOL_CONVERSION = YES;
				CLANG_WARN_COMMA = YES;
				CLANG_WARN_CONSTANT_CONVERSION = YES;
				CLANG_WARN_DEPRECATED_OBJC_IMPLEMENTATIONS = YES;
				CLANG_WARN_DIRECT_OBJC_ISA_USAGE = YES_ERROR;
				CLANG_WARN_DOCUMENTATION_COMMENTS = YES;
				CLANG_WARN_EMPTY_BODY = YES;
				CLANG_WARN_ENUM_CONVERSION = YES;
				CLANG_WARN_INFINITE_RECURSION = YES;
				CLANG_WARN_INT_CONVERSION = YES;
				CLANG_WARN_NON_LITERAL_NULL_CONVERSION = YES;
				CLANG_WARN_OBJC_IMPLICIT_RETAIN_SELF = YES;
				CLANG_WARN_OBJC_LITERAL_CONVERSION = YES;
				CLANG_WARN_OBJC_ROOT_CLASS = YES_ERROR;
				CLANG_WARN_QUOTED_INCLUDE_IN_FRAMEWORK_HEADER = YES;
				CLANG_WARN_RANGE_LOOP_ANALYSIS = YES;
				CLANG_WARN_STRICT_PROTOTYPES = YES;
				CLANG_WARN_SUSPICIOUS_MOVE = YES;
				CLANG_WARN_UNGUARDED_AVAILABILITY = YES_AGGRESSIVE;
				CLANG_WARN_UNREACHABLE_CODE = YES;
				CLANG_WARN__DUPLICATE_METHOD_MATCH = YES;
				COPY_PHASE_STRIP = NO;
				DEBUG_INFORMATION_FORMAT = dwarf;
				ENABLE_STRICT_OBJC_MSGSEND = YES;
				ENABLE_TESTABILITY = YES;
				GCC_C_LANGUAGE_STANDARD = gnu11;
				GCC_DYNAMIC_NO_PIC = NO;
				GCC_NO_COMMON_BLOCKS = YES;
				GCC_OPTIMIZATION_LEVEL = 0;
				GCC_PREPROCESSOR_DEFINITIONS = (
					"DEBUG=1",
					"$(inherited)",
				);
				GCC_WARN_64_TO_32_BIT_CONVERSION = YES;
				GCC_WARN_ABOUT_RETURN_TYPE = YES_ERROR;
				GCC_WARN_UNDECLARED_SELECTOR = YES;
				GCC_WARN_UNINITIALIZED_AUTOS = YES_AGGRESSIVE;
				GCC_WARN_UNUSED_FUNCTION = YES;
				GCC_WARN_UNUSED_VARIABLE = YES;
				IPHONEOS_DEPLOYMENT_TARGET = 16.0;
				MTL_ENABLE_DEBUG_INFO = INCLUDE_SOURCE;
				MTL_FAST_MATH = YES;
				ONLY_ACTIVE_ARCH = YES;
				SDKROOT = iphoneos;
				SWIFT_ACTIVE_COMPILATION_CONDITIONS = DEBUG;
				SWIFT_OPTIMIZATION_LEVEL = "-Onone";
			};
			name = Debug;
		};
		97774A82255642CB006985F0 /* Release */ = {
			isa = XCBuildConfiguration;
			buildSettings = {
				ALWAYS_SEARCH_USER_PATHS = NO;
				CLANG_ANALYZER_NONNULL = YES;
				CLANG_ANALYZER_NUMBER_OBJECT_CONVERSION = YES_AGGRESSIVE;
				CLANG_CXX_LANGUAGE_STANDARD = "gnu++14";
				CLANG_CXX_LIBRARY = "libc++";
				CLANG_ENABLE_MODULES = YES;
				CLANG_ENABLE_OBJC_ARC = YES;
				CLANG_ENABLE_OBJC_WEAK = YES;
				CLANG_WARN_BLOCK_CAPTURE_AUTORELEASING = YES;
				CLANG_WARN_BOOL_CONVERSION = YES;
				CLANG_WARN_COMMA = YES;
				CLANG_WARN_CONSTANT_CONVERSION = YES;
				CLANG_WARN_DEPRECATED_OBJC_IMPLEMENTATIONS = YES;
				CLANG_WARN_DIRECT_OBJC_ISA_USAGE = YES_ERROR;
				CLANG_WARN_DOCUMENTATION_COMMENTS = YES;
				CLANG_WARN_EMPTY_BODY = YES;
				CLANG_WARN_ENUM_CONVERSION = YES;
				CLANG_WARN_INFINITE_RECURSION = YES;
				CLANG_WARN_INT_CONVERSION = YES;
				CLANG_WARN_NON_LITERAL_NULL_CONVERSION = YES;
				CLANG_WARN_OBJC_IMPLICIT_RETAIN_SELF = YES;
				CLANG_WARN_OBJC_LITERAL_CONVERSION = YES;
				CLANG_WARN_OBJC_ROOT_CLASS = YES_ERROR;
				CLANG_WARN_QUOTED_INCLUDE_IN_FRAMEWORK_HEADER = YES;
				CLANG_WARN_RANGE_LOOP_ANALYSIS = YES;
				CLANG_WARN_STRICT_PROTOTYPES = YES;
				CLANG_WARN_SUSPICIOUS_MOVE = YES;
				CLANG_WARN_UNGUARDED_AVAILABILITY = YES_AGGRESSIVE;
				CLANG_WARN_UNREACHABLE_CODE = YES;
				CLANG_WARN__DUPLICATE_METHOD_MATCH = YES;
				COPY_PHASE_STRIP = NO;
				DEBUG_INFORMATION_FORMAT = "dwarf-with-dsym";
				ENABLE_NS_ASSERTIONS = NO;
				ENABLE_STRICT_OBJC_MSGSEND = YES;
				GCC_C_LANGUAGE_STANDARD = gnu11;
				GCC_NO_COMMON_BLOCKS = YES;
				GCC_WARN_64_TO_32_BIT_CONVERSION = YES;
				GCC_WARN_ABOUT_RETURN_TYPE = YES_ERROR;
				GCC_WARN_UNDECLARED_SELECTOR = YES;
				GCC_WARN_UNINITIALIZED_AUTOS = YES_AGGRESSIVE;
				GCC_WARN_UNUSED_FUNCTION = YES;
				GCC_WARN_UNUSED_VARIABLE = YES;
				IPHONEOS_DEPLOYMENT_TARGET = 16.0;
				MTL_ENABLE_DEBUG_INFO = NO;
				MTL_FAST_MATH = YES;
				SDKROOT = iphoneos;
				SWIFT_COMPILATION_MODE = wholemodule;
				SWIFT_OPTIMIZATION_LEVEL = "-O";
				VALIDATE_PRODUCT = YES;
			};
			name = Release;
		};
		97774A84255642CB006985F0 /* Debug */ = {
			isa = XCBuildConfiguration;
			buildSettings = {
				ASSETCATALOG_COMPILER_APPICON_NAME = AppIcon;
				ASSETCATALOG_COMPILER_GLOBAL_ACCENT_COLOR_NAME = AccentColor;
				CODE_SIGN_STYLE = Automatic;
				CURRENT_PROJECT_VERSION = 1;
				DEVELOPMENT_ASSET_PATHS = "\"Nia Editor/Preview Content\"";
				DEVELOPMENT_TEAM = BZ82DRDZY8;
				ENABLE_PREVIEWS = YES;
				INFOPLIST_FILE = "Nia Editor/Info.plist";
				INFOPLIST_KEY_CFBundleDisplayName = NiaEditor;
				INFOPLIST_KEY_LSApplicationCategoryType = "public.app-category.graphics-design";
				IPHONEOS_DEPLOYMENT_TARGET = 16.0;
				LD_RUNPATH_SEARCH_PATHS = (
					"$(inherited)",
					"@executable_path/Frameworks",
				);
				MARKETING_VERSION = 0.1;
				PRODUCT_BUNDLE_IDENTIFIER = "com.damirka.Nia-Editor";
				PRODUCT_NAME = "$(TARGET_NAME)";
				SWIFT_VERSION = 5.0;
				TARGETED_DEVICE_FAMILY = "1,2";
			};
			name = Debug;
		};
		97774A85255642CB006985F0 /* Release */ = {
			isa = XCBuildConfiguration;
			buildSettings = {
				ASSETCATALOG_COMPILER_APPICON_NAME = AppIcon;
				ASSETCATALOG_COMPILER_GLOBAL_ACCENT_COLOR_NAME = AccentColor;
				CODE_SIGN_STYLE = Automatic;
				CURRENT_PROJECT_VERSION = 1;
				DEVELOPMENT_ASSET_PATHS = "\"Nia Editor/Preview Content\"";
				DEVELOPMENT_TEAM = BZ82DRDZY8;
				ENABLE_PREVIEWS = YES;
				INFOPLIST_FILE = "Nia Editor/Info.plist";
				INFOPLIST_KEY_CFBundleDisplayName = NiaEditor;
				INFOPLIST_KEY_LSApplicationCategoryType = "public.app-category.graphics-design";
				IPHONEOS_DEPLOYMENT_TARGET = 16.0;
				LD_RUNPATH_SEARCH_PATHS = (
					"$(inherited)",
					"@executable_path/Frameworks",
				);
				MARKETING_VERSION = 0.1;
				PRODUCT_BUNDLE_IDENTIFIER = "com.damirka.Nia-Editor";
				PRODUCT_NAME = "$(TARGET_NAME)";
				SWIFT_VERSION = 5.0;
				TARGETED_DEVICE_FAMILY = "1,2";
			};
			name = Release;
		};
/* End XCBuildConfiguration section */

/* Begin XCConfigurationList section */
		97774A6F255642C7006985F0 /* Build configuration list for PBXProject "Nia Editor" */ = {
			isa = XCConfigurationList;
			buildConfigurations = (
				97774A81255642CB006985F0 /* Debug */,
				97774A82255642CB006985F0 /* Release */,
			);
			defaultConfigurationIsVisible = 0;
			defaultConfigurationName = Release;
		};
		97774A83255642CB006985F0 /* Build configuration list for PBXNativeTarget "Nia Editor" */ = {
			isa = XCConfigurationList;
			buildConfigurations = (
				97774A84255642CB006985F0 /* Debug */,
				97774A85255642CB006985F0 /* Release */,
			);
			defaultConfigurationIsVisible = 0;
			defaultConfigurationName = Release;
		};
/* End XCConfigurationList section */
	};
	rootObject = 97774A6C255642C7006985F0 /* Project object */;
}
